
Microsoft Visual Studio Solution File, Format Version 12.00
# Visual Studio Version 17
VisualStudioVersion = 17.8.34316.72
MinimumVisualStudioVersion = 10.0.40219.1
Project("{FAE04EC0-301F-11D3-BF4B-00C04F79EFBC}") = "BlazorApp1Demo.Server", "BlazorApp1Demo\Server\BlazorApp1Demo.Server.csproj", "{41ED4F7A-148F-4965-9406-591AAA448E0A}"
EndProject
Project("{FAE04EC0-301F-11D3-BF4B-00C04F79EFBC}") = "BlazorApp1Demo.Client", "BlazorApp1Demo\Client\BlazorApp1Demo.Client.csproj", "{DCB7E002-9BA3-4250-A7FC-04E822582D46}"
EndProject
Project("{FAE04EC0-301F-11D3-BF4B-00C04F79EFBC}") = "BlazorApp1Demo.Shared", "BlazorApp1Demo\Shared\BlazorApp1Demo.Shared.csproj", "{597E3A23-216E-46F1-A499-A435330849A5}"
EndProject
Global
	GlobalSection(SolutionConfigurationPlatforms) = preSolution
		Debug|Any CPU = Debug|Any CPU
		Release|Any CPU = Release|Any CPU
	EndGlobalSection
	GlobalSection(ProjectConfigurationPlatforms) = postSolution
		{41ED4F7A-148F-4965-9406-591AAA448E0A}.Debug|Any CPU.ActiveCfg = Debug|Any CPU
		{41ED4F7A-148F-4965-9406-591AAA448E0A}.Debug|Any CPU.Build.0 = Debug|Any CPU
		{41ED4F7A-148F-4965-9406-591AAA448E0A}.Release|Any CPU.ActiveCfg = Release|Any CPU
		{41ED4F7A-148F-4965-9406-591AAA448E0A}.Release|Any CPU.Build.0 = Release|Any CPU
		{DCB7E002-9BA3-4250-A7FC-04E822582D46}.Debug|Any CPU.ActiveCfg = Debug|Any CPU
		{DCB7E002-9BA3-4250-A7FC-04E822582D46}.Debug|Any CPU.Build.0 = Debug|Any CPU
		{DCB7E002-9BA3-4250-A7FC-04E822582D46}.Release|Any CPU.ActiveCfg = Release|Any CPU
		{DCB7E002-9BA3-4250-A7FC-04E822582D46}.Release|Any CPU.Build.0 = Release|Any CPU
		{597E3A23-216E-46F1-A499-A435330849A5}.Debug|Any CPU.ActiveCfg = Debug|Any CPU
		{597E3A23-216E-46F1-A499-A435330849A5}.Debug|Any CPU.Build.0 = Debug|Any CPU
		{597E3A23-216E-46F1-A499-A435330849A5}.Release|Any CPU.ActiveCfg = Release|Any CPU
		{597E3A23-216E-46F1-A499-A435330849A5}.Release|Any CPU.Build.0 = Release|Any CPU
	EndGlobalSection
	GlobalSection(SolutionProperties) = preSolution
		HideSolutionNode = FALSE
	EndGlobalSection
	GlobalSection(ExtensibilityGlobals) = postSolution
		SolutionGuid = {3CC53404-B448-4E89-AEA9-7E8B78667CA7}
	EndGlobalSection
EndGlobal
